
Microsoft Visual Studio Solution File, Format Version 12.00
# Visual Studio 2017
Project("{FAE04EC0-301F-11D3-BF4B-00C04F79EFBC}") = "final", "final.csproj", "{BA94A93B-5208-2668-2218-191D9190B69E}"
EndProject
Project("{FAE04EC0-301F-11D3-BF4B-00C04F79EFBC}") = "final.Plugins", "final.Plugins.csproj", "{335F133E-9442-459E-F82D-D6D79FD20CEB}"
EndProject
Project("{FAE04EC0-301F-11D3-BF4B-00C04F79EFBC}") = "final.Editor.Plugins", "final.Editor.Plugins.csproj", "{7453F57B-BD0B-D284-572D-8D50DDFDB46C}"
EndProject
Global
	GlobalSection(SolutionConfigurationPlatforms) = preSolution
		Debug|Any CPU = Debug|Any CPU
		Release|Any CPU = Release|Any CPU
	EndGlobalSection
	GlobalSection(ProjectConfigurationPlatforms) = postSolution
		{BA94A93B-5208-2668-2218-191D9190B69E}.Debug|Any CPU.ActiveCfg = Debug|Any CPU
		{BA94A93B-5208-2668-2218-191D9190B69E}.Debug|Any CPU.Build.0 = Debug|Any CPU
		{BA94A93B-5208-2668-2218-191D9190B69E}.Release|Any CPU.ActiveCfg = Release|Any CPU
		{BA94A93B-5208-2668-2218-191D9190B69E}.Release|Any CPU.Build.0 = Release|Any CPU
		{335F133E-9442-459E-F82D-D6D79FD20CEB}.Debug|Any CPU.ActiveCfg = Debug|Any CPU
		{335F133E-9442-459E-F82D-D6D79FD20CEB}.Debug|Any CPU.Build.0 = Debug|Any CPU
		{335F133E-9442-459E-F82D-D6D79FD20CEB}.Release|Any CPU.ActiveCfg = Release|Any CPU
		{335F133E-9442-459E-F82D-D6D79FD20CEB}.Release|Any CPU.Build.0 = Release|Any CPU
		{7453F57B-BD0B-D284-572D-8D50DDFDB46C}.Debug|Any CPU.ActiveCfg = Debug|Any CPU
		{7453F57B-BD0B-D284-572D-8D50DDFDB46C}.Debug|Any CPU.Build.0 = Debug|Any CPU
		{7453F57B-BD0B-D284-572D-8D50DDFDB46C}.Release|Any CPU.ActiveCfg = Release|Any CPU
		{7453F57B-BD0B-D284-572D-8D50DDFDB46C}.Release|Any CPU.Build.0 = Release|Any CPU
	EndGlobalSection
	GlobalSection(SolutionProperties) = preSolution
		HideSolutionNode = FALSE
	EndGlobalSection
EndGlobal
